
Microsoft Visual Studio Solution File, Format Version 12.00
# Visual Studio Version 17
VisualStudioVersion = 17.6.33815.320
MinimumVisualStudioVersion = 10.0.40219.1
Project("{FAE04EC0-301F-11D3-BF4B-00C04F79EFBC}") = "School", "School\School.csproj", "{954D7935-3849-4CD7-8671-EFE623333FE4}"
EndProject
Project("{FAE04EC0-301F-11D3-BF4B-00C04F79EFBC}") = "Tests", "Tests\Tests.csproj", "{1E526D53-7ADE-43F6-BCEE-AB45E4EF7A47}"
EndProject
Global
	GlobalSection(SolutionConfigurationPlatforms) = preSolution
		Debug|Any CPU = Debug|Any CPU
		Release|Any CPU = Release|Any CPU
	EndGlobalSection
	GlobalSection(ProjectConfigurationPlatforms) = postSolution
		{954D7935-3849-4CD7-8671-EFE623333FE4}.Debug|Any CPU.ActiveCfg = Debug|Any CPU
		{954D7935-3849-4CD7-8671-EFE623333FE4}.Debug|Any CPU.Build.0 = Debug|Any CPU
		{954D7935-3849-4CD7-8671-EFE623333FE4}.Release|Any CPU.ActiveCfg = Release|Any CPU
		{954D7935-3849-4CD7-8671-EFE623333FE4}.Release|Any CPU.Build.0 = Release|Any CPU
		{1E526D53-7ADE-43F6-BCEE-AB45E4EF7A47}.Debug|Any CPU.ActiveCfg = Debug|Any CPU
		{1E526D53-7ADE-43F6-BCEE-AB45E4EF7A47}.Debug|Any CPU.Build.0 = Debug|Any CPU
		{1E526D53-7ADE-43F6-BCEE-AB45E4EF7A47}.Release|Any CPU.ActiveCfg = Release|Any CPU
		{1E526D53-7ADE-43F6-BCEE-AB45E4EF7A47}.Release|Any CPU.Build.0 = Release|Any CPU
	EndGlobalSection
	GlobalSection(SolutionProperties) = preSolution
		HideSolutionNode = FALSE
	EndGlobalSection
	GlobalSection(ExtensibilityGlobals) = postSolution
		SolutionGuid = {C0C5F6C2-5F44-44C0-B9ED-D3BC68AF67D3}
	EndGlobalSection
EndGlobal
